
Microsoft Visual Studio Solution File, Format Version 12.00
# Visual Studio 2013
VisualStudioVersion = 12.0.21005.1
MinimumVisualStudioVersion = 10.0.40219.1
Project("{8BC9CEB8-8B4A-11D0-8D11-00A0C91BC942}") = "CovertLstAndDB", "CovertLstAndDB\CovertLstAndDB.vcxproj", "{54DBB686-CF31-45C1-BD1A-F2A8CBE09A46}"
EndProject
Global
	GlobalSection(SolutionConfigurationPlatforms) = preSolution
		Debug|Win32 = Debug|Win32
		Release|Win32 = Release|Win32
	EndGlobalSection
	GlobalSection(ProjectConfigurationPlatforms) = postSolution
		{54DBB686-CF31-45C1-BD1A-F2A8CBE09A46}.Debug|Win32.ActiveCfg = Debug|Win32
		{54DBB686-CF31-45C1-BD1A-F2A8CBE09A46}.Debug|Win32.Build.0 = Debug|Win32
		{54DBB686-CF31-45C1-BD1A-F2A8CBE09A46}.Release|Win32.ActiveCfg = Release|Win32
		{54DBB686-CF31-45C1-BD1A-F2A8CBE09A46}.Release|Win32.Build.0 = Release|Win32
	EndGlobalSection
	GlobalSection(SolutionProperties) = preSolution
		HideSolutionNode = FALSE
	EndGlobalSection
EndGlobal
